
Microsoft Visual Studio Solution File, Format Version 12.00
# Visual Studio Version 17
VisualStudioVersion = 17.14.36616.10
MinimumVisualStudioVersion = 10.0.40219.1
Project("{2150E333-8FDC-42A3-9474-1A3956D46DE8}") = "Core", "Core", "{02EA681E-C7D8-13C7-8484-4AC65E1B71E8}"
EndProject
Project("{2150E333-8FDC-42A3-9474-1A3956D46DE8}") = "Infrastructure", "Infrastructure", "{BB433811-FEA1-42BB-824A-AD48396165C2}"
EndProject
Project("{2150E333-8FDC-42A3-9474-1A3956D46DE8}") = "Presentation", "Presentation", "{1E787574-058F-4DCD-84C9-E5DB4392D7AB}"
EndProject
Project("{FAE04EC0-301F-11D3-BF4B-00C04F79EFBC}") = "ProductApi.Application", "Core\ProductApi.Application\ProductApi.Application.csproj", "{4CD87511-6FC1-4665-A876-D3FEF81128F7}"
EndProject
Project("{FAE04EC0-301F-11D3-BF4B-00C04F79EFBC}") = "ProductApi.Domain", "Core\ProductApi.Domain\ProductApi.Domain.csproj", "{FFD62408-9335-4234-8CBD-439EFB323F19}"
EndProject
Project("{FAE04EC0-301F-11D3-BF4B-00C04F79EFBC}") = "ProductApi.Infrastructure", "Infrastructure\ProductApi.Infrastructure\ProductApi.Infrastructure.csproj", "{06A0D53F-7EB9-4C55-80ED-E3049925862A}"
EndProject
Project("{FAE04EC0-301F-11D3-BF4B-00C04F79EFBC}") = "ProductApi.Persistence", "Infrastructure\ProductApi.Persistence\ProductApi.Persistence.csproj", "{1B77812A-B94F-4F0B-A88A-01AA5C369207}"
EndProject
Project("{FAE04EC0-301F-11D3-BF4B-00C04F79EFBC}") = "ProductApi.Api", "Presentation\ProductApi.Api\ProductApi.Api.csproj", "{E81914C3-6993-4281-A986-8EE6A939FCA4}"
EndProject
Project("{FAE04EC0-301F-11D3-BF4B-00C04F79EFBC}") = "ProductApi.Mapper", "Core\ProductApi.Mapper\ProductApi.Mapper.csproj", "{27B4E15E-0FFB-43BB-A72C-7F807AB778FC}"
EndProject
Global
	GlobalSection(SolutionConfigurationPlatforms) = preSolution
		Debug|Any CPU = Debug|Any CPU
		Release|Any CPU = Release|Any CPU
	EndGlobalSection
	GlobalSection(ProjectConfigurationPlatforms) = postSolution
		{4CD87511-6FC1-4665-A876-D3FEF81128F7}.Debug|Any CPU.ActiveCfg = Debug|Any CPU
		{4CD87511-6FC1-4665-A876-D3FEF81128F7}.Debug|Any CPU.Build.0 = Debug|Any CPU
		{4CD87511-6FC1-4665-A876-D3FEF81128F7}.Release|Any CPU.ActiveCfg = Release|Any CPU
		{4CD87511-6FC1-4665-A876-D3FEF81128F7}.Release|Any CPU.Build.0 = Release|Any CPU
		{FFD62408-9335-4234-8CBD-439EFB323F19}.Debug|Any CPU.ActiveCfg = Debug|Any CPU
		{FFD62408-9335-4234-8CBD-439EFB323F19}.Debug|Any CPU.Build.0 = Debug|Any CPU
		{FFD62408-9335-4234-8CBD-439EFB323F19}.Release|Any CPU.ActiveCfg = Release|Any CPU
		{FFD62408-9335-4234-8CBD-439EFB323F19}.Release|Any CPU.Build.0 = Release|Any CPU
		{06A0D53F-7EB9-4C55-80ED-E3049925862A}.Debug|Any CPU.ActiveCfg = Debug|Any CPU
		{06A0D53F-7EB9-4C55-80ED-E3049925862A}.Debug|Any CPU.Build.0 = Debug|Any CPU
		{06A0D53F-7EB9-4C55-80ED-E3049925862A}.Release|Any CPU.ActiveCfg = Release|Any CPU
		{06A0D53F-7EB9-4C55-80ED-E3049925862A}.Release|Any CPU.Build.0 = Release|Any CPU
		{1B77812A-B94F-4F0B-A88A-01AA5C369207}.Debug|Any CPU.ActiveCfg = Debug|Any CPU
		{1B77812A-B94F-4F0B-A88A-01AA5C369207}.Debug|Any CPU.Build.0 = Debug|Any CPU
		{1B77812A-B94F-4F0B-A88A-01AA5C369207}.Release|Any CPU.ActiveCfg = Release|Any CPU
		{1B77812A-B94F-4F0B-A88A-01AA5C369207}.Release|Any CPU.Build.0 = Release|Any CPU
		{E81914C3-6993-4281-A986-8EE6A939FCA4}.Debug|Any CPU.ActiveCfg = Debug|Any CPU
		{E81914C3-6993-4281-A986-8EE6A939FCA4}.Debug|Any CPU.Build.0 = Debug|Any CPU
		{E81914C3-6993-4281-A986-8EE6A939FCA4}.Release|Any CPU.ActiveCfg = Release|Any CPU
		{E81914C3-6993-4281-A986-8EE6A939FCA4}.Release|Any CPU.Build.0 = Release|Any CPU
		{27B4E15E-0FFB-43BB-A72C-7F807AB778FC}.Debug|Any CPU.ActiveCfg = Debug|Any CPU
		{27B4E15E-0FFB-43BB-A72C-7F807AB778FC}.Debug|Any CPU.Build.0 = Debug|Any CPU
		{27B4E15E-0FFB-43BB-A72C-7F807AB778FC}.Release|Any CPU.ActiveCfg = Release|Any CPU
		{27B4E15E-0FFB-43BB-A72C-7F807AB778FC}.Release|Any CPU.Build.0 = Release|Any CPU
	EndGlobalSection
	GlobalSection(SolutionProperties) = preSolution
		HideSolutionNode = FALSE
	EndGlobalSection
	GlobalSection(NestedProjects) = preSolution
		{4CD87511-6FC1-4665-A876-D3FEF81128F7} = {02EA681E-C7D8-13C7-8484-4AC65E1B71E8}
		{FFD62408-9335-4234-8CBD-439EFB323F19} = {02EA681E-C7D8-13C7-8484-4AC65E1B71E8}
		{06A0D53F-7EB9-4C55-80ED-E3049925862A} = {BB433811-FEA1-42BB-824A-AD48396165C2}
		{1B77812A-B94F-4F0B-A88A-01AA5C369207} = {BB433811-FEA1-42BB-824A-AD48396165C2}
		{E81914C3-6993-4281-A986-8EE6A939FCA4} = {1E787574-058F-4DCD-84C9-E5DB4392D7AB}
		{27B4E15E-0FFB-43BB-A72C-7F807AB778FC} = {02EA681E-C7D8-13C7-8484-4AC65E1B71E8}
	EndGlobalSection
	GlobalSection(ExtensibilityGlobals) = postSolution
		SolutionGuid = {170E7D35-2C6D-4008-A427-3DC0C53DD56D}
	EndGlobalSection
EndGlobal
